<Solution>
  <Project Path="Healthcare.API/Healthcare.API.csproj" />
  <Project Path="Healthcare.Application/Healthcare.Application.csproj" />
  <Project Path="Healthcare.Domain/Healthcare.Domain.csproj" />
  <Project Path="Healthcare.Infrastructure/Healthcare.Infrastructure.csproj" />
  <Project Path="Healthcare.Tests/Healthcare.Tests.csproj" />
</Solution>
